
Microsoft Visual Studio Solution File, Format Version 12.00
# Visual Studio Version 17
VisualStudioVersion = 17.0.31903.59
MinimumVisualStudioVersion = 10.0.40219.1
Project("{FAE04EC0-301F-11D3-BF4B-00C04F79EFBC}") = "PrimeService", "PrimeService\PrimeService.csproj", "{46463145-52AC-46A4-969B-973FBB016D04}"
EndProject
Project("{FAE04EC0-301F-11D3-BF4B-00C04F79EFBC}") = "PrimeService.Tests", "PrimeService.Tests\PrimeService.Tests.csproj", "{70835658-76A7-4BD2-BFDB-41AF4ADD58C9}"
EndProject
Global
	GlobalSection(SolutionConfigurationPlatforms) = preSolution
		Debug|Any CPU = Debug|Any CPU
		Release|Any CPU = Release|Any CPU
	EndGlobalSection
	GlobalSection(SolutionProperties) = preSolution
		HideSolutionNode = FALSE
	EndGlobalSection
	GlobalSection(ProjectConfigurationPlatforms) = postSolution
		{46463145-52AC-46A4-969B-973FBB016D04}.Debug|Any CPU.ActiveCfg = Debug|Any CPU
		{46463145-52AC-46A4-969B-973FBB016D04}.Debug|Any CPU.Build.0 = Debug|Any CPU
		{46463145-52AC-46A4-969B-973FBB016D04}.Release|Any CPU.ActiveCfg = Release|Any CPU
		{46463145-52AC-46A4-969B-973FBB016D04}.Release|Any CPU.Build.0 = Release|Any CPU
		{70835658-76A7-4BD2-BFDB-41AF4ADD58C9}.Debug|Any CPU.ActiveCfg = Debug|Any CPU
		{70835658-76A7-4BD2-BFDB-41AF4ADD58C9}.Debug|Any CPU.Build.0 = Debug|Any CPU
		{70835658-76A7-4BD2-BFDB-41AF4ADD58C9}.Release|Any CPU.ActiveCfg = Release|Any CPU
		{70835658-76A7-4BD2-BFDB-41AF4ADD58C9}.Release|Any CPU.Build.0 = Release|Any CPU
	EndGlobalSection
EndGlobal
